
Microsoft Visual Studio Solution File, Format Version 12.00
# Visual Studio Version 17
VisualStudioVersion = 17.6.33801.468
MinimumVisualStudioVersion = 10.0.40219.1
Project("{9A19103F-16F7-4668-BE54-9A1E7A4F7556}") = "JI9J9A_HFT_2023241.Client", "JI9J9A_HFT_2023241\JI9J9A_HFT_2023241.Client.csproj", "{96B906D5-8547-4EF7-B350-718635B6AE88}"
EndProject
Project("{2150E333-8FDC-42A3-9474-1A3956D46DE8}") = "Backend", "Backend", "{D94AB075-D9A6-4C9C-9BEE-48BE24F3D5B7}"
EndProject
Project("{2150E333-8FDC-42A3-9474-1A3956D46DE8}") = "Frontend", "Frontend", "{EEC86D6D-A5E7-4604-8FC2-9D2E9678329C}"
EndProject
Project("{2150E333-8FDC-42A3-9474-1A3956D46DE8}") = "Shared", "Shared", "{612B6A1D-8A75-41CD-88AA-D047B0DB3F00}"
EndProject
Project("{9A19103F-16F7-4668-BE54-9A1E7A4F7556}") = "JI9J9A_HFT_2023241.Models", "JI9J9A_HFT_2023241.Models\JI9J9A_HFT_2023241.Models.csproj", "{7A23C1AD-E44C-401A-819A-597D0C50471E}"
EndProject
Project("{9A19103F-16F7-4668-BE54-9A1E7A4F7556}") = "JI9J9A_HFT_2023241.Test", "JI9J9A_HFT_2023241.Test\JI9J9A_HFT_2023241.Test.csproj", "{A3D6B0F4-F597-46BC-B7F6-1CF2034EBBE3}"
EndProject
Project("{9A19103F-16F7-4668-BE54-9A1E7A4F7556}") = "JI9J9A_HFT_2023241.Logic", "JI9J9A_HFT_2023241.Logic\JI9J9A_HFT_2023241.Logic.csproj", "{3B78EFFD-CD46-4D8A-93D0-CC2073660450}"
EndProject
Project("{9A19103F-16F7-4668-BE54-9A1E7A4F7556}") = "JI9J9A_HFT_2023241.Repository", "JI9J9A_HFT_2023241.Repository\JI9J9A_HFT_2023241.Repository.csproj", "{3ABBBF33-5BDB-4B8B-996A-D7F5688518B6}"
EndProject
Project("{2150E333-8FDC-42A3-9474-1A3956D46DE8}") = "Others", "Others", "{CE5ED26A-747C-47AF-B6AD-68924A1E2EEB}"
	ProjectSection(SolutionItems) = preProject
		.gitignore = .gitignore
	EndProjectSection
EndProject
Project("{FAE04EC0-301F-11D3-BF4B-00C04F79EFBC}") = "JI9J9A_HFT_2023241.Endpoint", "JI9J9A_HFT_2023241.Endpoint\JI9J9A_HFT_2023241.Endpoint.csproj", "{C67019E9-4B13-4AE6-8C7D-6643F4B3FF4F}"
EndProject
Global
	GlobalSection(SolutionConfigurationPlatforms) = preSolution
		Debug|Any CPU = Debug|Any CPU
		Release|Any CPU = Release|Any CPU
	EndGlobalSection
	GlobalSection(ProjectConfigurationPlatforms) = postSolution
		{96B906D5-8547-4EF7-B350-718635B6AE88}.Debug|Any CPU.ActiveCfg = Debug|Any CPU
		{96B906D5-8547-4EF7-B350-718635B6AE88}.Debug|Any CPU.Build.0 = Debug|Any CPU
		{96B906D5-8547-4EF7-B350-718635B6AE88}.Release|Any CPU.ActiveCfg = Release|Any CPU
		{96B906D5-8547-4EF7-B350-718635B6AE88}.Release|Any CPU.Build.0 = Release|Any CPU
		{7A23C1AD-E44C-401A-819A-597D0C50471E}.Debug|Any CPU.ActiveCfg = Debug|Any CPU
		{7A23C1AD-E44C-401A-819A-597D0C50471E}.Debug|Any CPU.Build.0 = Debug|Any CPU
		{7A23C1AD-E44C-401A-819A-597D0C50471E}.Release|Any CPU.ActiveCfg = Release|Any CPU
		{7A23C1AD-E44C-401A-819A-597D0C50471E}.Release|Any CPU.Build.0 = Release|Any CPU
		{A3D6B0F4-F597-46BC-B7F6-1CF2034EBBE3}.Debug|Any CPU.ActiveCfg = Debug|Any CPU
		{A3D6B0F4-F597-46BC-B7F6-1CF2034EBBE3}.Debug|Any CPU.Build.0 = Debug|Any CPU
		{A3D6B0F4-F597-46BC-B7F6-1CF2034EBBE3}.Release|Any CPU.ActiveCfg = Release|Any CPU
		{A3D6B0F4-F597-46BC-B7F6-1CF2034EBBE3}.Release|Any CPU.Build.0 = Release|Any CPU
		{3B78EFFD-CD46-4D8A-93D0-CC2073660450}.Debug|Any CPU.ActiveCfg = Debug|Any CPU
		{3B78EFFD-CD46-4D8A-93D0-CC2073660450}.Debug|Any CPU.Build.0 = Debug|Any CPU
		{3B78EFFD-CD46-4D8A-93D0-CC2073660450}.Release|Any CPU.ActiveCfg = Release|Any CPU
		{3B78EFFD-CD46-4D8A-93D0-CC2073660450}.Release|Any CPU.Build.0 = Release|Any CPU
		{3ABBBF33-5BDB-4B8B-996A-D7F5688518B6}.Debug|Any CPU.ActiveCfg = Debug|Any CPU
		{3ABBBF33-5BDB-4B8B-996A-D7F5688518B6}.Debug|Any CPU.Build.0 = Debug|Any CPU
		{3ABBBF33-5BDB-4B8B-996A-D7F5688518B6}.Release|Any CPU.ActiveCfg = Release|Any CPU
		{3ABBBF33-5BDB-4B8B-996A-D7F5688518B6}.Release|Any CPU.Build.0 = Release|Any CPU
		{C67019E9-4B13-4AE6-8C7D-6643F4B3FF4F}.Debug|Any CPU.ActiveCfg = Debug|Any CPU
		{C67019E9-4B13-4AE6-8C7D-6643F4B3FF4F}.Debug|Any CPU.Build.0 = Debug|Any CPU
		{C67019E9-4B13-4AE6-8C7D-6643F4B3FF4F}.Release|Any CPU.ActiveCfg = Release|Any CPU
		{C67019E9-4B13-4AE6-8C7D-6643F4B3FF4F}.Release|Any CPU.Build.0 = Release|Any CPU
	EndGlobalSection
	GlobalSection(SolutionProperties) = preSolution
		HideSolutionNode = FALSE
	EndGlobalSection
	GlobalSection(NestedProjects) = preSolution
		{96B906D5-8547-4EF7-B350-718635B6AE88} = {EEC86D6D-A5E7-4604-8FC2-9D2E9678329C}
		{7A23C1AD-E44C-401A-819A-597D0C50471E} = {612B6A1D-8A75-41CD-88AA-D047B0DB3F00}
		{A3D6B0F4-F597-46BC-B7F6-1CF2034EBBE3} = {D94AB075-D9A6-4C9C-9BEE-48BE24F3D5B7}
		{3B78EFFD-CD46-4D8A-93D0-CC2073660450} = {D94AB075-D9A6-4C9C-9BEE-48BE24F3D5B7}
		{3ABBBF33-5BDB-4B8B-996A-D7F5688518B6} = {D94AB075-D9A6-4C9C-9BEE-48BE24F3D5B7}
		{C67019E9-4B13-4AE6-8C7D-6643F4B3FF4F} = {D94AB075-D9A6-4C9C-9BEE-48BE24F3D5B7}
	EndGlobalSection
	GlobalSection(ExtensibilityGlobals) = postSolution
		SolutionGuid = {354C8F87-DE18-4FB5-B82D-07671F00058C}
	EndGlobalSection
EndGlobal
